
Microsoft Visual Studio Solution File, Format Version 12.00
# Visual Studio Version 17
VisualStudioVersion = 17.5.002.0
MinimumVisualStudioVersion = 10.0.40219.1
Project("{9A19103F-16F7-4668-BE54-9A1E7A4F7556}") = "appPrueba1", "appPrueba1\appPrueba1.csproj", "{703C54E9-A0C7-4D1D-B569-AEABC16CD163}"
EndProject
Global
	GlobalSection(SolutionConfigurationPlatforms) = preSolution
		Debug|Any CPU = Debug|Any CPU
		Release|Any CPU = Release|Any CPU
	EndGlobalSection
	GlobalSection(ProjectConfigurationPlatforms) = postSolution
		{703C54E9-A0C7-4D1D-B569-AEABC16CD163}.Debug|Any CPU.ActiveCfg = Debug|Any CPU
		{703C54E9-A0C7-4D1D-B569-AEABC16CD163}.Debug|Any CPU.Build.0 = Debug|Any CPU
		{703C54E9-A0C7-4D1D-B569-AEABC16CD163}.Release|Any CPU.ActiveCfg = Release|Any CPU
		{703C54E9-A0C7-4D1D-B569-AEABC16CD163}.Release|Any CPU.Build.0 = Release|Any CPU
	EndGlobalSection
	GlobalSection(SolutionProperties) = preSolution
		HideSolutionNode = FALSE
	EndGlobalSection
	GlobalSection(ExtensibilityGlobals) = postSolution
		SolutionGuid = {D3B96694-0CD2-47E0-BC1A-3EC36C8DE490}
	EndGlobalSection
EndGlobal
